
Microsoft Visual Studio Solution File, Format Version 12.00
# Visual Studio Version 16
VisualStudioVersion = 16.0.31402.337
MinimumVisualStudioVersion = 10.0.40219.1
Project("{FAE04EC0-301F-11D3-BF4B-00C04F79EFBC}") = "FoodRepositoryServiceDemo", "FoodRepositoryServiceDemo\FoodRepositoryServiceDemo.csproj", "{358666F3-9686-478E-8460-F3436359518C}"
EndProject
Global
	GlobalSection(SolutionConfigurationPlatforms) = preSolution
		Debug|Any CPU = Debug|Any CPU
		Release|Any CPU = Release|Any CPU
	EndGlobalSection
	GlobalSection(ProjectConfigurationPlatforms) = postSolution
		{358666F3-9686-478E-8460-F3436359518C}.Debug|Any CPU.ActiveCfg = Debug|Any CPU
		{358666F3-9686-478E-8460-F3436359518C}.Debug|Any CPU.Build.0 = Debug|Any CPU
		{358666F3-9686-478E-8460-F3436359518C}.Release|Any CPU.ActiveCfg = Release|Any CPU
		{358666F3-9686-478E-8460-F3436359518C}.Release|Any CPU.Build.0 = Release|Any CPU
	EndGlobalSection
	GlobalSection(SolutionProperties) = preSolution
		HideSolutionNode = FALSE
	EndGlobalSection
	GlobalSection(ExtensibilityGlobals) = postSolution
		SolutionGuid = {8C0E401A-61D1-4F39-A96F-F940A3E52E12}
	EndGlobalSection
EndGlobal
